{
  "name": "Eg7",
  "version": "1.0.0",
  "lockfileVersion": 1,
  "requires": true,
  "dependencies": {
    "validator": {
      "version": "13.1.1",
      "resolved": "https://artifacthub-tip.oraclecorp.com/api/npm/rsys-npmjs/validator/-/validator-13.1.1.tgz",
      "integrity": "sha1-+IETaEc9IXOp2GEVcrWMV4PyI78="
    }
  }
}
