{
  "requires": true,
  "lockfileVersion": 1,
  "dependencies": {
    "@types/faker": {
      "version": "5.1.5",
      "resolved": "https://artifacthub-tip.oraclecorp.com/api/npm/rsys-npmjs/@types/faker/-/faker-5.1.5.tgz",
      "integrity": "sha1-8UsBXgEAIyuwDG3XYRUF77CHCaA="
    },
    "@types/googlemaps": {
      "version": "3.43.1",
      "resolved": "https://artifacthub-tip.oraclecorp.com/api/npm/rsys-npmjs/@types/googlemaps/-/googlemaps-3.43.1.tgz",
      "integrity": "sha1-zo/3pvtdtvpNRs/aAMyBRKn77eM="
    },
    "faker": {
      "version": "5.1.0",
      "resolved": "https://artifacthub-tip.oraclecorp.com/api/npm/rsys-npmjs/faker/-/faker-5.1.0.tgz",
      "integrity": "sha1-4Q+h3sRQJVGu4Ot3Fhen57lGkug="
    },
    "typescript": {
      "version": "4.1.3",
      "resolved": "https://artifacthub-tip.oraclecorp.com/api/npm/rsys-npmjs/typescript/-/typescript-4.1.3.tgz",
      "integrity": "sha1-UZ1YK9lMugz4k0x9joRn5HP1O7c=",
      "dev": true
    }
  }
}
